{
    "version": 3,
    "terraform_version": "0.11.13",
    "serial": 7,
    "lineage": "abd1298a-1655-e607-87c1-daf3ae3adac1",
    "modules": [
        {
            "path": [
                "root"
            ],
            "outputs": {
                "example_app_url": {
                    "sensitive": false,
                    "type": "string",
                    "value": "https://terraform-voting-system.herokuapp.com"
                }
            },
            "resources": {
                "heroku_app.example": {
                    "type": "heroku_app",
                    "depends_on": [],
                    "primary": {
                        "id": "terraform-voting-system",
                        "attributes": {
                            "acm": "false",
                            "all_config_vars.%": "0",
                            "config_vars.#": "0",
                            "git_url": "https://git.heroku.com/terraform-voting-system.git",
                            "heroku_hostname": "terraform-voting-system.herokuapp.com",
                            "id": "terraform-voting-system",
                            "internal_routing": "false",
                            "name": "terraform-voting-system",
                            "region": "us",
                            "sensitive_config_vars.#": "0",
                            "stack": "heroku-18",
                            "uuid": "d63633c2-c450-4d19-8199-be8bfd59dfaa",
                            "web_url": "https://terraform-voting-system.herokuapp.com/"
                        },
                        "meta": {},
                        "tainted": false
                    },
                    "deposed": [],
                    "provider": "provider.heroku"
                },
                "heroku_build.example": {
                    "type": "heroku_build",
                    "depends_on": [
                        "heroku_app.example"
                    ],
                    "primary": {
                        "id": "e936472c-db7c-457f-b47b-c65176ad7ccc",
                        "attributes": {
                            "app": "terraform-voting-system",
                            "buildpacks.#": "1",
                            "buildpacks.0": "https://buildpack-registry.s3.amazonaws.com/buildpacks/heroku/nodejs.tgz",
                            "id": "e936472c-db7c-457f-b47b-c65176ad7ccc",
                            "local_checksum": "",
                            "output_stream_url": "https://build-output.heroku.com/streams/d6/d63633c2-c450-4d19-8199-be8bfd59dfaa/logs/e9/e936472c-db7c-457f-b47b-c65176ad7ccc.log?X-Amz-Algorithm=AWS4-HMAC-SHA256\u0026X-Amz-Credential=AKIAIQI6BAUWXGR4S77Q%2F20190509%2Fus-east-1%2Fs3%2Faws4_request\u0026X-Amz-Date=20190509T142227Z\u0026X-Amz-Expires=86400\u0026X-Amz-SignedHeaders=host\u0026X-Amz-Signature=dc0110246d015c062b7b4e30ff46a3f6bc51fd999953c636c680d68481d85043",
                            "release_id": "33778bb2-0baa-45d0-992d-c622435fecea",
                            "slug_id": "1afd626f-6cc3-45bd-a7eb-4d6b6a80dcc5",
                            "source.%": "1",
                            "source.url": "https://github.com/MohitTilwani15/voting-system/tarball/master",
                            "stack": "heroku-18",
                            "status": "succeeded",
                            "user.%": "2",
                            "user.email": "mohit.b.tilwani@gmail.com",
                            "user.id": "5065c1e2-dac9-4fa0-b7c3-845c4178d14c",
                            "uuid": "e936472c-db7c-457f-b47b-c65176ad7ccc"
                        },
                        "meta": {},
                        "tainted": false
                    },
                    "deposed": [],
                    "provider": "provider.heroku"
                }
            },
            "depends_on": []
        }
    ]
}
